
Microsoft Visual Studio Solution File, Format Version 12.00
# Visual Studio Version 17
VisualStudioVersion = 17.8.34330.188
MinimumVisualStudioVersion = 10.0.40219.1
Project("{9A19103F-16F7-4668-BE54-9A1E7A4F7556}") = "App", "App.csproj", "{23020667-253D-46A8-ADA6-4CE79C24D9BB}"
EndProject
Global
	GlobalSection(SolutionConfigurationPlatforms) = preSolution
		Debug|Any CPU = Debug|Any CPU
		Release|Any CPU = Release|Any CPU
	EndGlobalSection
	GlobalSection(ProjectConfigurationPlatforms) = postSolution
		{23020667-253D-46A8-ADA6-4CE79C24D9BB}.Debug|Any CPU.ActiveCfg = Debug|Any CPU
		{23020667-253D-46A8-ADA6-4CE79C24D9BB}.Debug|Any CPU.Build.0 = Debug|Any CPU
		{23020667-253D-46A8-ADA6-4CE79C24D9BB}.Release|Any CPU.ActiveCfg = Release|Any CPU
		{23020667-253D-46A8-ADA6-4CE79C24D9BB}.Release|Any CPU.Build.0 = Release|Any CPU
	EndGlobalSection
	GlobalSection(SolutionProperties) = preSolution
		HideSolutionNode = FALSE
	EndGlobalSection
	GlobalSection(ExtensibilityGlobals) = postSolution
		SolutionGuid = {C4496D04-8D37-4248-B9A8-FF9BAF48D388}
	EndGlobalSection
EndGlobal
